
Microsoft Visual Studio Solution File, Format Version 12.00
# Visual Studio Version 17
VisualStudioVersion = 17.0.31903.59
MinimumVisualStudioVersion = 10.0.40219.1
Project("{2150E333-8FDC-42A3-9474-1A3956D46DE8}") = "src", "src", "{827E0CD3-B72D-47B6-A68D-7590B98EB39B}"
EndProject
Project("{FAE04EC0-301F-11D3-BF4B-00C04F79EFBC}") = "Destiny2App.Domain", "src\Destiny2App.Domain\Destiny2App.Domain.csproj", "{C4A629B9-A833-4FF5-804A-380F2EB781A7}"
EndProject
Project("{FAE04EC0-301F-11D3-BF4B-00C04F79EFBC}") = "Destiny2App.Application", "src\Destiny2App.Application\Destiny2App.Application.csproj", "{86B9A423-32B7-4A28-8E76-A809952E4410}"
EndProject
Project("{FAE04EC0-301F-11D3-BF4B-00C04F79EFBC}") = "Destiny2App.Infrastructure", "src\Destiny2App.Infrastructure\Destiny2App.Infrastructure.csproj", "{5D8E49BA-59ED-4450-9435-EEACA6DB009E}"
EndProject
Project("{FAE04EC0-301F-11D3-BF4B-00C04F79EFBC}") = "Destiny2App.ClientApi", "src\Destiny2App.ClientApi\Destiny2App.ClientApi.csproj", "{94D0761A-BC45-4C2F-8F1D-8879D0DCF599}"
EndProject
Project("{FAE04EC0-301F-11D3-BF4B-00C04F79EFBC}") = "Destiny2App.Kernel", "src\Destiny2App.Kernel\Destiny2App.Kernel.csproj", "{5C9E68C1-2A73-4ADF-9E48-27C9722F1FA8}"
EndProject
Project("{2150E333-8FDC-42A3-9474-1A3956D46DE8}") = "Core", "Core", "{B67EE22E-810B-4146-B533-EC11550FADDB}"
EndProject
Project("{2150E333-8FDC-42A3-9474-1A3956D46DE8}") = "Presentation", "Presentation", "{401E3D43-EB61-4ECB-B6E6-A0FAEF74BC48}"
EndProject
Project("{2150E333-8FDC-42A3-9474-1A3956D46DE8}") = "tests", "tests", "{0AB3BF05-4346-4AA6-1389-037BE0695223}"
EndProject
Project("{FAE04EC0-301F-11D3-BF4B-00C04F79EFBC}") = "Destiny2.Tests.UnitTests", "tests\Destiny2.Tests.UnitTests\Destiny2.Tests.UnitTests.csproj", "{9AD93C1F-C200-4A21-905D-B4BFA2852563}"
EndProject
Global
	GlobalSection(SolutionConfigurationPlatforms) = preSolution
		Debug|Any CPU = Debug|Any CPU
		Debug|x64 = Debug|x64
		Debug|x86 = Debug|x86
		Release|Any CPU = Release|Any CPU
		Release|x64 = Release|x64
		Release|x86 = Release|x86
	EndGlobalSection
	GlobalSection(ProjectConfigurationPlatforms) = postSolution
		{C4A629B9-A833-4FF5-804A-380F2EB781A7}.Debug|Any CPU.ActiveCfg = Debug|Any CPU
		{C4A629B9-A833-4FF5-804A-380F2EB781A7}.Debug|Any CPU.Build.0 = Debug|Any CPU
		{C4A629B9-A833-4FF5-804A-380F2EB781A7}.Debug|x64.ActiveCfg = Debug|Any CPU
		{C4A629B9-A833-4FF5-804A-380F2EB781A7}.Debug|x64.Build.0 = Debug|Any CPU
		{C4A629B9-A833-4FF5-804A-380F2EB781A7}.Debug|x86.ActiveCfg = Debug|Any CPU
		{C4A629B9-A833-4FF5-804A-380F2EB781A7}.Debug|x86.Build.0 = Debug|Any CPU
		{C4A629B9-A833-4FF5-804A-380F2EB781A7}.Release|Any CPU.ActiveCfg = Release|Any CPU
		{C4A629B9-A833-4FF5-804A-380F2EB781A7}.Release|Any CPU.Build.0 = Release|Any CPU
		{C4A629B9-A833-4FF5-804A-380F2EB781A7}.Release|x64.ActiveCfg = Release|Any CPU
		{C4A629B9-A833-4FF5-804A-380F2EB781A7}.Release|x64.Build.0 = Release|Any CPU
		{C4A629B9-A833-4FF5-804A-380F2EB781A7}.Release|x86.ActiveCfg = Release|Any CPU
		{C4A629B9-A833-4FF5-804A-380F2EB781A7}.Release|x86.Build.0 = Release|Any CPU
		{86B9A423-32B7-4A28-8E76-A809952E4410}.Debug|Any CPU.ActiveCfg = Debug|Any CPU
		{86B9A423-32B7-4A28-8E76-A809952E4410}.Debug|Any CPU.Build.0 = Debug|Any CPU
		{86B9A423-32B7-4A28-8E76-A809952E4410}.Debug|x64.ActiveCfg = Debug|Any CPU
		{86B9A423-32B7-4A28-8E76-A809952E4410}.Debug|x64.Build.0 = Debug|Any CPU
		{86B9A423-32B7-4A28-8E76-A809952E4410}.Debug|x86.ActiveCfg = Debug|Any CPU
		{86B9A423-32B7-4A28-8E76-A809952E4410}.Debug|x86.Build.0 = Debug|Any CPU
		{86B9A423-32B7-4A28-8E76-A809952E4410}.Release|Any CPU.ActiveCfg = Release|Any CPU
		{86B9A423-32B7-4A28-8E76-A809952E4410}.Release|Any CPU.Build.0 = Release|Any CPU
		{86B9A423-32B7-4A28-8E76-A809952E4410}.Release|x64.ActiveCfg = Release|Any CPU
		{86B9A423-32B7-4A28-8E76-A809952E4410}.Release|x64.Build.0 = Release|Any CPU
		{86B9A423-32B7-4A28-8E76-A809952E4410}.Release|x86.ActiveCfg = Release|Any CPU
		{86B9A423-32B7-4A28-8E76-A809952E4410}.Release|x86.Build.0 = Release|Any CPU
		{5D8E49BA-59ED-4450-9435-EEACA6DB009E}.Debug|Any CPU.ActiveCfg = Debug|Any CPU
		{5D8E49BA-59ED-4450-9435-EEACA6DB009E}.Debug|Any CPU.Build.0 = Debug|Any CPU
		{5D8E49BA-59ED-4450-9435-EEACA6DB009E}.Debug|x64.ActiveCfg = Debug|Any CPU
		{5D8E49BA-59ED-4450-9435-EEACA6DB009E}.Debug|x64.Build.0 = Debug|Any CPU
		{5D8E49BA-59ED-4450-9435-EEACA6DB009E}.Debug|x86.ActiveCfg = Debug|Any CPU
		{5D8E49BA-59ED-4450-9435-EEACA6DB009E}.Debug|x86.Build.0 = Debug|Any CPU
		{5D8E49BA-59ED-4450-9435-EEACA6DB009E}.Release|Any CPU.ActiveCfg = Release|Any CPU
		{5D8E49BA-59ED-4450-9435-EEACA6DB009E}.Release|Any CPU.Build.0 = Release|Any CPU
		{5D8E49BA-59ED-4450-9435-EEACA6DB009E}.Release|x64.ActiveCfg = Release|Any CPU
		{5D8E49BA-59ED-4450-9435-EEACA6DB009E}.Release|x64.Build.0 = Release|Any CPU
		{5D8E49BA-59ED-4450-9435-EEACA6DB009E}.Release|x86.ActiveCfg = Release|Any CPU
		{5D8E49BA-59ED-4450-9435-EEACA6DB009E}.Release|x86.Build.0 = Release|Any CPU
		{94D0761A-BC45-4C2F-8F1D-8879D0DCF599}.Debug|Any CPU.ActiveCfg = Debug|Any CPU
		{94D0761A-BC45-4C2F-8F1D-8879D0DCF599}.Debug|Any CPU.Build.0 = Debug|Any CPU
		{94D0761A-BC45-4C2F-8F1D-8879D0DCF599}.Debug|x64.ActiveCfg = Debug|Any CPU
		{94D0761A-BC45-4C2F-8F1D-8879D0DCF599}.Debug|x64.Build.0 = Debug|Any CPU
		{94D0761A-BC45-4C2F-8F1D-8879D0DCF599}.Debug|x86.ActiveCfg = Debug|Any CPU
		{94D0761A-BC45-4C2F-8F1D-8879D0DCF599}.Debug|x86.Build.0 = Debug|Any CPU
		{94D0761A-BC45-4C2F-8F1D-8879D0DCF599}.Release|Any CPU.ActiveCfg = Release|Any CPU
		{94D0761A-BC45-4C2F-8F1D-8879D0DCF599}.Release|Any CPU.Build.0 = Release|Any CPU
		{94D0761A-BC45-4C2F-8F1D-8879D0DCF599}.Release|x64.ActiveCfg = Release|Any CPU
		{94D0761A-BC45-4C2F-8F1D-8879D0DCF599}.Release|x64.Build.0 = Release|Any CPU
		{94D0761A-BC45-4C2F-8F1D-8879D0DCF599}.Release|x86.ActiveCfg = Release|Any CPU
		{94D0761A-BC45-4C2F-8F1D-8879D0DCF599}.Release|x86.Build.0 = Release|Any CPU
		{5C9E68C1-2A73-4ADF-9E48-27C9722F1FA8}.Debug|Any CPU.ActiveCfg = Debug|Any CPU
		{5C9E68C1-2A73-4ADF-9E48-27C9722F1FA8}.Debug|Any CPU.Build.0 = Debug|Any CPU
		{5C9E68C1-2A73-4ADF-9E48-27C9722F1FA8}.Debug|x64.ActiveCfg = Debug|Any CPU
		{5C9E68C1-2A73-4ADF-9E48-27C9722F1FA8}.Debug|x64.Build.0 = Debug|Any CPU
		{5C9E68C1-2A73-4ADF-9E48-27C9722F1FA8}.Debug|x86.ActiveCfg = Debug|Any CPU
		{5C9E68C1-2A73-4ADF-9E48-27C9722F1FA8}.Debug|x86.Build.0 = Debug|Any CPU
		{5C9E68C1-2A73-4ADF-9E48-27C9722F1FA8}.Release|Any CPU.ActiveCfg = Release|Any CPU
		{5C9E68C1-2A73-4ADF-9E48-27C9722F1FA8}.Release|Any CPU.Build.0 = Release|Any CPU
		{5C9E68C1-2A73-4ADF-9E48-27C9722F1FA8}.Release|x64.ActiveCfg = Release|Any CPU
		{5C9E68C1-2A73-4ADF-9E48-27C9722F1FA8}.Release|x64.Build.0 = Release|Any CPU
		{5C9E68C1-2A73-4ADF-9E48-27C9722F1FA8}.Release|x86.ActiveCfg = Release|Any CPU
		{5C9E68C1-2A73-4ADF-9E48-27C9722F1FA8}.Release|x86.Build.0 = Release|Any CPU
		{9AD93C1F-C200-4A21-905D-B4BFA2852563}.Debug|Any CPU.ActiveCfg = Debug|Any CPU
		{9AD93C1F-C200-4A21-905D-B4BFA2852563}.Debug|Any CPU.Build.0 = Debug|Any CPU
		{9AD93C1F-C200-4A21-905D-B4BFA2852563}.Debug|x64.ActiveCfg = Debug|Any CPU
		{9AD93C1F-C200-4A21-905D-B4BFA2852563}.Debug|x64.Build.0 = Debug|Any CPU
		{9AD93C1F-C200-4A21-905D-B4BFA2852563}.Debug|x86.ActiveCfg = Debug|Any CPU
		{9AD93C1F-C200-4A21-905D-B4BFA2852563}.Debug|x86.Build.0 = Debug|Any CPU
		{9AD93C1F-C200-4A21-905D-B4BFA2852563}.Release|Any CPU.ActiveCfg = Release|Any CPU
		{9AD93C1F-C200-4A21-905D-B4BFA2852563}.Release|Any CPU.Build.0 = Release|Any CPU
		{9AD93C1F-C200-4A21-905D-B4BFA2852563}.Release|x64.ActiveCfg = Release|Any CPU
		{9AD93C1F-C200-4A21-905D-B4BFA2852563}.Release|x64.Build.0 = Release|Any CPU
		{9AD93C1F-C200-4A21-905D-B4BFA2852563}.Release|x86.ActiveCfg = Release|Any CPU
		{9AD93C1F-C200-4A21-905D-B4BFA2852563}.Release|x86.Build.0 = Release|Any CPU
	EndGlobalSection
	GlobalSection(SolutionProperties) = preSolution
		HideSolutionNode = FALSE
	EndGlobalSection
	GlobalSection(NestedProjects) = preSolution
		{C4A629B9-A833-4FF5-804A-380F2EB781A7} = {B67EE22E-810B-4146-B533-EC11550FADDB}
		{86B9A423-32B7-4A28-8E76-A809952E4410} = {B67EE22E-810B-4146-B533-EC11550FADDB}
		{5D8E49BA-59ED-4450-9435-EEACA6DB009E} = {827E0CD3-B72D-47B6-A68D-7590B98EB39B}
		{94D0761A-BC45-4C2F-8F1D-8879D0DCF599} = {401E3D43-EB61-4ECB-B6E6-A0FAEF74BC48}
		{5C9E68C1-2A73-4ADF-9E48-27C9722F1FA8} = {827E0CD3-B72D-47B6-A68D-7590B98EB39B}
		{B67EE22E-810B-4146-B533-EC11550FADDB} = {827E0CD3-B72D-47B6-A68D-7590B98EB39B}
		{401E3D43-EB61-4ECB-B6E6-A0FAEF74BC48} = {827E0CD3-B72D-47B6-A68D-7590B98EB39B}
		{9AD93C1F-C200-4A21-905D-B4BFA2852563} = {0AB3BF05-4346-4AA6-1389-037BE0695223}
	EndGlobalSection
EndGlobal
